
Microsoft Visual Studio Solution File, Format Version 12.00
# Visual Studio Version 17
VisualStudioVersion = 17.9.34622.214
MinimumVisualStudioVersion = 10.0.40219.1
Project("{FAE04EC0-301F-11D3-BF4B-00C04F79EFBC}") = "LAB3CS", "LAB3CS\LAB3CS.csproj", "{4CEB69F0-AFC0-438D-905D-20AB4237FCF4}"
EndProject
Global
	GlobalSection(SolutionConfigurationPlatforms) = preSolution
		Debug|Any CPU = Debug|Any CPU
		Release|Any CPU = Release|Any CPU
	EndGlobalSection
	GlobalSection(ProjectConfigurationPlatforms) = postSolution
		{4CEB69F0-AFC0-438D-905D-20AB4237FCF4}.Debug|Any CPU.ActiveCfg = Debug|Any CPU
		{4CEB69F0-AFC0-438D-905D-20AB4237FCF4}.Debug|Any CPU.Build.0 = Debug|Any CPU
		{4CEB69F0-AFC0-438D-905D-20AB4237FCF4}.Release|Any CPU.ActiveCfg = Release|Any CPU
		{4CEB69F0-AFC0-438D-905D-20AB4237FCF4}.Release|Any CPU.Build.0 = Release|Any CPU
	EndGlobalSection
	GlobalSection(SolutionProperties) = preSolution
		HideSolutionNode = FALSE
	EndGlobalSection
	GlobalSection(ExtensibilityGlobals) = postSolution
		SolutionGuid = {A6693D4F-A624-4CCE-9435-E8A32E011FC3}
	EndGlobalSection
EndGlobal
